
Microsoft Visual Studio Solution File, Format Version 12.00
# Visual Studio 15
VisualStudioVersion = 15.0.28307.136
MinimumVisualStudioVersion = 10.0.40219.1
Project("{FAE04EC0-301F-11D3-BF4B-00C04F79EFBC}") = "notiftest.Android", "notiftest\notiftest.Android\notiftest.Android.csproj", "{3D5F36EC-C893-4B15-B79A-3089850DED3D}"
EndProject
Project("{FAE04EC0-301F-11D3-BF4B-00C04F79EFBC}") = "notiftest.iOS", "notiftest\notiftest.iOS\notiftest.iOS.csproj", "{2F83A96B-B784-44B2-B152-A3F66065AA1B}"
EndProject
Project("{FAE04EC0-301F-11D3-BF4B-00C04F79EFBC}") = "notiftest", "notiftest\notiftest\notiftest.csproj", "{215309D0-2BF9-46B7-A8F0-DF90C942C65B}"
EndProject
Global
	GlobalSection(SolutionConfigurationPlatforms) = preSolution
		Ad-Hoc|Any CPU = Ad-Hoc|Any CPU
		Ad-Hoc|iPhone = Ad-Hoc|iPhone
		Ad-Hoc|iPhoneSimulator = Ad-Hoc|iPhoneSimulator
		AppStore|Any CPU = AppStore|Any CPU
		AppStore|iPhone = AppStore|iPhone
		AppStore|iPhoneSimulator = AppStore|iPhoneSimulator
		Debug|Any CPU = Debug|Any CPU
		Debug|iPhone = Debug|iPhone
		Debug|iPhoneSimulator = Debug|iPhoneSimulator
		Release|Any CPU = Release|Any CPU
		Release|iPhone = Release|iPhone
		Release|iPhoneSimulator = Release|iPhoneSimulator
	EndGlobalSection
	GlobalSection(ProjectConfigurationPlatforms) = postSolution
		{3D5F36EC-C893-4B15-B79A-3089850DED3D}.Ad-Hoc|Any CPU.ActiveCfg = Release|Any CPU
		{3D5F36EC-C893-4B15-B79A-3089850DED3D}.Ad-Hoc|Any CPU.Build.0 = Release|Any CPU
		{3D5F36EC-C893-4B15-B79A-3089850DED3D}.Ad-Hoc|Any CPU.Deploy.0 = Release|Any CPU
		{3D5F36EC-C893-4B15-B79A-3089850DED3D}.Ad-Hoc|iPhone.ActiveCfg = Release|Any CPU
		{3D5F36EC-C893-4B15-B79A-3089850DED3D}.Ad-Hoc|iPhone.Build.0 = Release|Any CPU
		{3D5F36EC-C893-4B15-B79A-3089850DED3D}.Ad-Hoc|iPhone.Deploy.0 = Release|Any CPU
		{3D5F36EC-C893-4B15-B79A-3089850DED3D}.Ad-Hoc|iPhoneSimulator.ActiveCfg = Release|Any CPU
		{3D5F36EC-C893-4B15-B79A-3089850DED3D}.Ad-Hoc|iPhoneSimulator.Build.0 = Release|Any CPU
		{3D5F36EC-C893-4B15-B79A-3089850DED3D}.Ad-Hoc|iPhoneSimulator.Deploy.0 = Release|Any CPU
		{3D5F36EC-C893-4B15-B79A-3089850DED3D}.AppStore|Any CPU.ActiveCfg = Release|Any CPU
		{3D5F36EC-C893-4B15-B79A-3089850DED3D}.AppStore|Any CPU.Build.0 = Release|Any CPU
		{3D5F36EC-C893-4B15-B79A-3089850DED3D}.AppStore|Any CPU.Deploy.0 = Release|Any CPU
		{3D5F36EC-C893-4B15-B79A-3089850DED3D}.AppStore|iPhone.ActiveCfg = Release|Any CPU
		{3D5F36EC-C893-4B15-B79A-3089850DED3D}.AppStore|iPhone.Build.0 = Release|Any CPU
		{3D5F36EC-C893-4B15-B79A-3089850DED3D}.AppStore|iPhone.Deploy.0 = Release|Any CPU
		{3D5F36EC-C893-4B15-B79A-3089850DED3D}.AppStore|iPhoneSimulator.ActiveCfg = Release|Any CPU
		{3D5F36EC-C893-4B15-B79A-3089850DED3D}.AppStore|iPhoneSimulator.Build.0 = Release|Any CPU
		{3D5F36EC-C893-4B15-B79A-3089850DED3D}.AppStore|iPhoneSimulator.Deploy.0 = Release|Any CPU
		{3D5F36EC-C893-4B15-B79A-3089850DED3D}.Debug|Any CPU.ActiveCfg = Debug|Any CPU
		{3D5F36EC-C893-4B15-B79A-3089850DED3D}.Debug|Any CPU.Build.0 = Debug|Any CPU
		{3D5F36EC-C893-4B15-B79A-3089850DED3D}.Debug|Any CPU.Deploy.0 = Debug|Any CPU
		{3D5F36EC-C893-4B15-B79A-3089850DED3D}.Debug|iPhone.ActiveCfg = Debug|Any CPU
		{3D5F36EC-C893-4B15-B79A-3089850DED3D}.Debug|iPhone.Build.0 = Debug|Any CPU
		{3D5F36EC-C893-4B15-B79A-3089850DED3D}.Debug|iPhone.Deploy.0 = Debug|Any CPU
		{3D5F36EC-C893-4B15-B79A-3089850DED3D}.Debug|iPhoneSimulator.ActiveCfg = Debug|Any CPU
		{3D5F36EC-C893-4B15-B79A-3089850DED3D}.Debug|iPhoneSimulator.Build.0 = Debug|Any CPU
		{3D5F36EC-C893-4B15-B79A-3089850DED3D}.Debug|iPhoneSimulator.Deploy.0 = Debug|Any CPU
		{3D5F36EC-C893-4B15-B79A-3089850DED3D}.Release|Any CPU.ActiveCfg = Release|Any CPU
		{3D5F36EC-C893-4B15-B79A-3089850DED3D}.Release|Any CPU.Build.0 = Release|Any CPU
		{3D5F36EC-C893-4B15-B79A-3089850DED3D}.Release|Any CPU.Deploy.0 = Release|Any CPU
		{3D5F36EC-C893-4B15-B79A-3089850DED3D}.Release|iPhone.ActiveCfg = Release|Any CPU
		{3D5F36EC-C893-4B15-B79A-3089850DED3D}.Release|iPhone.Build.0 = Release|Any CPU
		{3D5F36EC-C893-4B15-B79A-3089850DED3D}.Release|iPhone.Deploy.0 = Release|Any CPU
		{3D5F36EC-C893-4B15-B79A-3089850DED3D}.Release|iPhoneSimulator.ActiveCfg = Release|Any CPU
		{3D5F36EC-C893-4B15-B79A-3089850DED3D}.Release|iPhoneSimulator.Build.0 = Release|Any CPU
		{3D5F36EC-C893-4B15-B79A-3089850DED3D}.Release|iPhoneSimulator.Deploy.0 = Release|Any CPU
		{2F83A96B-B784-44B2-B152-A3F66065AA1B}.Ad-Hoc|Any CPU.ActiveCfg = Ad-Hoc|iPhone
		{2F83A96B-B784-44B2-B152-A3F66065AA1B}.Ad-Hoc|Any CPU.Build.0 = Ad-Hoc|iPhone
		{2F83A96B-B784-44B2-B152-A3F66065AA1B}.Ad-Hoc|Any CPU.Deploy.0 = Ad-Hoc|iPhone
		{2F83A96B-B784-44B2-B152-A3F66065AA1B}.Ad-Hoc|iPhone.ActiveCfg = Ad-Hoc|iPhone
		{2F83A96B-B784-44B2-B152-A3F66065AA1B}.Ad-Hoc|iPhone.Build.0 = Ad-Hoc|iPhone
		{2F83A96B-B784-44B2-B152-A3F66065AA1B}.Ad-Hoc|iPhone.Deploy.0 = Ad-Hoc|iPhone
		{2F83A96B-B784-44B2-B152-A3F66065AA1B}.Ad-Hoc|iPhoneSimulator.ActiveCfg = Ad-Hoc|iPhoneSimulator
		{2F83A96B-B784-44B2-B152-A3F66065AA1B}.Ad-Hoc|iPhoneSimulator.Build.0 = Ad-Hoc|iPhoneSimulator
		{2F83A96B-B784-44B2-B152-A3F66065AA1B}.Ad-Hoc|iPhoneSimulator.Deploy.0 = Ad-Hoc|iPhoneSimulator
		{2F83A96B-B784-44B2-B152-A3F66065AA1B}.AppStore|Any CPU.ActiveCfg = AppStore|iPhone
		{2F83A96B-B784-44B2-B152-A3F66065AA1B}.AppStore|Any CPU.Build.0 = AppStore|iPhone
		{2F83A96B-B784-44B2-B152-A3F66065AA1B}.AppStore|Any CPU.Deploy.0 = AppStore|iPhone
		{2F83A96B-B784-44B2-B152-A3F66065AA1B}.AppStore|iPhone.ActiveCfg = AppStore|iPhone
		{2F83A96B-B784-44B2-B152-A3F66065AA1B}.AppStore|iPhone.Build.0 = AppStore|iPhone
		{2F83A96B-B784-44B2-B152-A3F66065AA1B}.AppStore|iPhone.Deploy.0 = AppStore|iPhone
		{2F83A96B-B784-44B2-B152-A3F66065AA1B}.AppStore|iPhoneSimulator.ActiveCfg = AppStore|iPhoneSimulator
		{2F83A96B-B784-44B2-B152-A3F66065AA1B}.AppStore|iPhoneSimulator.Build.0 = AppStore|iPhoneSimulator
		{2F83A96B-B784-44B2-B152-A3F66065AA1B}.AppStore|iPhoneSimulator.Deploy.0 = AppStore|iPhoneSimulator
		{2F83A96B-B784-44B2-B152-A3F66065AA1B}.Debug|Any CPU.ActiveCfg = Debug|iPhoneSimulator
		{2F83A96B-B784-44B2-B152-A3F66065AA1B}.Debug|Any CPU.Build.0 = Debug|iPhoneSimulator
		{2F83A96B-B784-44B2-B152-A3F66065AA1B}.Debug|Any CPU.Deploy.0 = Debug|iPhoneSimulator
		{2F83A96B-B784-44B2-B152-A3F66065AA1B}.Debug|iPhone.ActiveCfg = Debug|iPhone
		{2F83A96B-B784-44B2-B152-A3F66065AA1B}.Debug|iPhone.Build.0 = Debug|iPhone
		{2F83A96B-B784-44B2-B152-A3F66065AA1B}.Debug|iPhone.Deploy.0 = Debug|iPhone
		{2F83A96B-B784-44B2-B152-A3F66065AA1B}.Debug|iPhoneSimulator.ActiveCfg = Debug|iPhoneSimulator
		{2F83A96B-B784-44B2-B152-A3F66065AA1B}.Debug|iPhoneSimulator.Build.0 = Debug|iPhoneSimulator
		{2F83A96B-B784-44B2-B152-A3F66065AA1B}.Debug|iPhoneSimulator.Deploy.0 = Debug|iPhoneSimulator
		{2F83A96B-B784-44B2-B152-A3F66065AA1B}.Release|Any CPU.ActiveCfg = Release|iPhone
		{2F83A96B-B784-44B2-B152-A3F66065AA1B}.Release|Any CPU.Build.0 = Release|iPhone
		{2F83A96B-B784-44B2-B152-A3F66065AA1B}.Release|Any CPU.Deploy.0 = Release|iPhone
		{2F83A96B-B784-44B2-B152-A3F66065AA1B}.Release|iPhone.ActiveCfg = Release|iPhone
		{2F83A96B-B784-44B2-B152-A3F66065AA1B}.Release|iPhone.Build.0 = Release|iPhone
		{2F83A96B-B784-44B2-B152-A3F66065AA1B}.Release|iPhone.Deploy.0 = Release|iPhone
		{2F83A96B-B784-44B2-B152-A3F66065AA1B}.Release|iPhoneSimulator.ActiveCfg = Release|iPhoneSimulator
		{2F83A96B-B784-44B2-B152-A3F66065AA1B}.Release|iPhoneSimulator.Build.0 = Release|iPhoneSimulator
		{2F83A96B-B784-44B2-B152-A3F66065AA1B}.Release|iPhoneSimulator.Deploy.0 = Release|iPhoneSimulator
		{215309D0-2BF9-46B7-A8F0-DF90C942C65B}.Ad-Hoc|Any CPU.ActiveCfg = Debug|Any CPU
		{215309D0-2BF9-46B7-A8F0-DF90C942C65B}.Ad-Hoc|Any CPU.Build.0 = Debug|Any CPU
		{215309D0-2BF9-46B7-A8F0-DF90C942C65B}.Ad-Hoc|Any CPU.Deploy.0 = Debug|Any CPU
		{215309D0-2BF9-46B7-A8F0-DF90C942C65B}.Ad-Hoc|iPhone.ActiveCfg = Debug|Any CPU
		{215309D0-2BF9-46B7-A8F0-DF90C942C65B}.Ad-Hoc|iPhone.Build.0 = Debug|Any CPU
		{215309D0-2BF9-46B7-A8F0-DF90C942C65B}.Ad-Hoc|iPhone.Deploy.0 = Debug|Any CPU
		{215309D0-2BF9-46B7-A8F0-DF90C942C65B}.Ad-Hoc|iPhoneSimulator.ActiveCfg = Debug|Any CPU
		{215309D0-2BF9-46B7-A8F0-DF90C942C65B}.Ad-Hoc|iPhoneSimulator.Build.0 = Debug|Any CPU
		{215309D0-2BF9-46B7-A8F0-DF90C942C65B}.Ad-Hoc|iPhoneSimulator.Deploy.0 = Debug|Any CPU
		{215309D0-2BF9-46B7-A8F0-DF90C942C65B}.AppStore|Any CPU.ActiveCfg = Debug|Any CPU
		{215309D0-2BF9-46B7-A8F0-DF90C942C65B}.AppStore|Any CPU.Build.0 = Debug|Any CPU
		{215309D0-2BF9-46B7-A8F0-DF90C942C65B}.AppStore|Any CPU.Deploy.0 = Debug|Any CPU
		{215309D0-2BF9-46B7-A8F0-DF90C942C65B}.AppStore|iPhone.ActiveCfg = Debug|Any CPU
		{215309D0-2BF9-46B7-A8F0-DF90C942C65B}.AppStore|iPhone.Build.0 = Debug|Any CPU
		{215309D0-2BF9-46B7-A8F0-DF90C942C65B}.AppStore|iPhone.Deploy.0 = Debug|Any CPU
		{215309D0-2BF9-46B7-A8F0-DF90C942C65B}.AppStore|iPhoneSimulator.ActiveCfg = Debug|Any CPU
		{215309D0-2BF9-46B7-A8F0-DF90C942C65B}.AppStore|iPhoneSimulator.Build.0 = Debug|Any CPU
		{215309D0-2BF9-46B7-A8F0-DF90C942C65B}.AppStore|iPhoneSimulator.Deploy.0 = Debug|Any CPU
		{215309D0-2BF9-46B7-A8F0-DF90C942C65B}.Debug|Any CPU.ActiveCfg = Debug|Any CPU
		{215309D0-2BF9-46B7-A8F0-DF90C942C65B}.Debug|Any CPU.Build.0 = Debug|Any CPU
		{215309D0-2BF9-46B7-A8F0-DF90C942C65B}.Debug|Any CPU.Deploy.0 = Debug|Any CPU
		{215309D0-2BF9-46B7-A8F0-DF90C942C65B}.Debug|iPhone.ActiveCfg = Debug|Any CPU
		{215309D0-2BF9-46B7-A8F0-DF90C942C65B}.Debug|iPhone.Build.0 = Debug|Any CPU
		{215309D0-2BF9-46B7-A8F0-DF90C942C65B}.Debug|iPhone.Deploy.0 = Debug|Any CPU
		{215309D0-2BF9-46B7-A8F0-DF90C942C65B}.Debug|iPhoneSimulator.ActiveCfg = Debug|Any CPU
		{215309D0-2BF9-46B7-A8F0-DF90C942C65B}.Debug|iPhoneSimulator.Build.0 = Debug|Any CPU
		{215309D0-2BF9-46B7-A8F0-DF90C942C65B}.Debug|iPhoneSimulator.Deploy.0 = Debug|Any CPU
		{215309D0-2BF9-46B7-A8F0-DF90C942C65B}.Release|Any CPU.ActiveCfg = Release|Any CPU
		{215309D0-2BF9-46B7-A8F0-DF90C942C65B}.Release|Any CPU.Build.0 = Release|Any CPU
		{215309D0-2BF9-46B7-A8F0-DF90C942C65B}.Release|Any CPU.Deploy.0 = Release|Any CPU
		{215309D0-2BF9-46B7-A8F0-DF90C942C65B}.Release|iPhone.ActiveCfg = Release|Any CPU
		{215309D0-2BF9-46B7-A8F0-DF90C942C65B}.Release|iPhone.Build.0 = Release|Any CPU
		{215309D0-2BF9-46B7-A8F0-DF90C942C65B}.Release|iPhone.Deploy.0 = Release|Any CPU
		{215309D0-2BF9-46B7-A8F0-DF90C942C65B}.Release|iPhoneSimulator.ActiveCfg = Release|Any CPU
		{215309D0-2BF9-46B7-A8F0-DF90C942C65B}.Release|iPhoneSimulator.Build.0 = Release|Any CPU
		{215309D0-2BF9-46B7-A8F0-DF90C942C65B}.Release|iPhoneSimulator.Deploy.0 = Release|Any CPU
	EndGlobalSection
	GlobalSection(SolutionProperties) = preSolution
		HideSolutionNode = FALSE
	EndGlobalSection
	GlobalSection(ExtensibilityGlobals) = postSolution
		SolutionGuid = {3518A2B7-CF98-4BD5-AB40-7F715ADE1E81}
	EndGlobalSection
EndGlobal
